
Microsoft Visual Studio Solution File, Format Version 12.00
# Visual Studio Version 16
VisualStudioVersion = 16.0.30907.101
MinimumVisualStudioVersion = 10.0.40219.1
Project("{9A19103F-16F7-4668-BE54-9A1E7A4F7556}") = "Equinor.ProCoSys.DbView.WebApi", "Equinor.ProCoSys.DbView.WebApi\Equinor.ProCoSys.DbView.WebApi.csproj", "{07433EB9-9321-4609-9A6D-E51CD88E7288}"
EndProject
Project("{2150E333-8FDC-42A3-9474-1A3956D46DE8}") = "Tests", "Tests", "{F1C39FAC-5F80-42A3-A75D-AA458627C8E0}"
EndProject
Project("{FAE04EC0-301F-11D3-BF4B-00C04F79EFBC}") = "Equinor.ProCoSys.DbView.WebApi.IntegrationTests", "Tests\Equinor.ProCoSys.DbView.WebApi.IntegrationTests\Equinor.ProCoSys.DbView.WebApi.IntegrationTests.csproj", "{926BE851-54F1-4031-BF60-D3754F4B69CD}"
EndProject
Global
	GlobalSection(SolutionConfigurationPlatforms) = preSolution
		Debug|Any CPU = Debug|Any CPU
		Release|Any CPU = Release|Any CPU
		Test|Any CPU = Test|Any CPU
	EndGlobalSection
	GlobalSection(ProjectConfigurationPlatforms) = postSolution
		{07433EB9-9321-4609-9A6D-E51CD88E7288}.Debug|Any CPU.ActiveCfg = Debug|Any CPU
		{07433EB9-9321-4609-9A6D-E51CD88E7288}.Debug|Any CPU.Build.0 = Debug|Any CPU
		{07433EB9-9321-4609-9A6D-E51CD88E7288}.Release|Any CPU.ActiveCfg = Release|Any CPU
		{07433EB9-9321-4609-9A6D-E51CD88E7288}.Release|Any CPU.Build.0 = Release|Any CPU
		{07433EB9-9321-4609-9A6D-E51CD88E7288}.Test|Any CPU.ActiveCfg = Test|Any CPU
		{07433EB9-9321-4609-9A6D-E51CD88E7288}.Test|Any CPU.Build.0 = Test|Any CPU
		{926BE851-54F1-4031-BF60-D3754F4B69CD}.Debug|Any CPU.ActiveCfg = Debug|Any CPU
		{926BE851-54F1-4031-BF60-D3754F4B69CD}.Debug|Any CPU.Build.0 = Debug|Any CPU
		{926BE851-54F1-4031-BF60-D3754F4B69CD}.Release|Any CPU.ActiveCfg = Release|Any CPU
		{926BE851-54F1-4031-BF60-D3754F4B69CD}.Release|Any CPU.Build.0 = Release|Any CPU
		{926BE851-54F1-4031-BF60-D3754F4B69CD}.Test|Any CPU.ActiveCfg = Test|Any CPU
		{926BE851-54F1-4031-BF60-D3754F4B69CD}.Test|Any CPU.Build.0 = Test|Any CPU
	EndGlobalSection
	GlobalSection(SolutionProperties) = preSolution
		HideSolutionNode = FALSE
	EndGlobalSection
	GlobalSection(NestedProjects) = preSolution
		{926BE851-54F1-4031-BF60-D3754F4B69CD} = {F1C39FAC-5F80-42A3-A75D-AA458627C8E0}
	EndGlobalSection
	GlobalSection(ExtensibilityGlobals) = postSolution
		SolutionGuid = {428202D5-6B83-45DB-919C-BA495A154DEA}
	EndGlobalSection
EndGlobal
